
Microsoft Visual Studio Solution File, Format Version 12.00
# Visual Studio Version 17
VisualStudioVersion = 17.12.35527.113 d17.12
MinimumVisualStudioVersion = 10.0.40219.1
Project("{FAE04EC0-301F-11D3-BF4B-00C04F79EFBC}") = "WebApplication1", "WebApplication1\WebApplication1.csproj", "{DD2DC20A-0672-4E48-BAC9-FEF1C761D762}"
EndProject
Global
	GlobalSection(SolutionConfigurationPlatforms) = preSolution
		Debug|Any CPU = Debug|Any CPU
		Release|Any CPU = Release|Any CPU
	EndGlobalSection
	GlobalSection(ProjectConfigurationPlatforms) = postSolution
		{DD2DC20A-0672-4E48-BAC9-FEF1C761D762}.Debug|Any CPU.ActiveCfg = Debug|Any CPU
		{DD2DC20A-0672-4E48-BAC9-FEF1C761D762}.Debug|Any CPU.Build.0 = Debug|Any CPU
		{DD2DC20A-0672-4E48-BAC9-FEF1C761D762}.Release|Any CPU.ActiveCfg = Release|Any CPU
		{DD2DC20A-0672-4E48-BAC9-FEF1C761D762}.Release|Any CPU.Build.0 = Release|Any CPU
	EndGlobalSection
	GlobalSection(SolutionProperties) = preSolution
		HideSolutionNode = FALSE
	EndGlobalSection
EndGlobal
